// !$*UTF8*$!
{
	archiveVersion = 1;
	classes = {
	};
	objectVersion = 56;
	objects = {

/* Begin PBXBuildFile section */
		5986DCF0F3C97EB0C15033F7 /* Pods_ProductListViper.framework in Frameworks */ = {isa = PBXBuildFile; fileRef = 11A7A7B3E3B49A8B3D0FFAF8 /* Pods_ProductListViper.framework */; };
		D847E2BE2D2DED860065C419 /* NewProductEntity.swift in Sources */ = {isa = PBXBuildFile; fileRef = D847E2BD2D2DED860065C419 /* NewProductEntity.swift */; };
		D84DCD5B2D1B0D0100906852 /* ProductDetailEntity.swift in Sources */ = {isa = PBXBuildFile; fileRef = D84DCD5A2D1B0D0100906852 /* ProductDetailEntity.swift */; };
		D84DCD612D1B34A300906852 /* ProductDetailView.swift in Sources */ = {isa = PBXBuildFile; fileRef = D84DCD5F2D1B34A300906852 /* ProductDetailView.swift */; };
		D84DCD622D1B34A300906852 /* ProductDetailView.xib in Resources */ = {isa = PBXBuildFile; fileRef = D84DCD602D1B34A300906852 /* ProductDetailView.xib */; };
		D85F65892D1A57EB00193A1F /* ProductViewModel.swift in Sources */ = {isa = PBXBuildFile; fileRef = D85F65882D1A57EB00193A1F /* ProductViewModel.swift */; };
		D85F658D2D1A6B7E00193A1F /* ProductDetailInteractor.swift in Sources */ = {isa = PBXBuildFile; fileRef = D85F658C2D1A6B7E00193A1F /* ProductDetailInteractor.swift */; };
		D85F658F2D1A6B8E00193A1F /* ProductDetailPresenter.swift in Sources */ = {isa = PBXBuildFile; fileRef = D85F658E2D1A6B8E00193A1F /* ProductDetailPresenter.swift */; };
		D85F65912D1A6BA400193A1F /* ProductDetailRouter.swift in Sources */ = {isa = PBXBuildFile; fileRef = D85F65902D1A6BA400193A1F /* ProductDetailRouter.swift */; };
		D875F1BA2D2C30B9000087C8 /* ProductEditInteractor.swift in Sources */ = {isa = PBXBuildFile; fileRef = D875F1B92D2C30B9000087C8 /* ProductEditInteractor.swift */; };
		D875F1BC2D2C30E0000087C8 /* ProductEditPresenter.swift in Sources */ = {isa = PBXBuildFile; fileRef = D875F1BB2D2C30E0000087C8 /* ProductEditPresenter.swift */; };
		D875F1BE2D2C30F4000087C8 /* ProductEditRouter.swift in Sources */ = {isa = PBXBuildFile; fileRef = D875F1BD2D2C30F4000087C8 /* ProductEditRouter.swift */; };
		D875F1C12D2C428B000087C8 /* ProductEditEntity.swift in Sources */ = {isa = PBXBuildFile; fileRef = D875F1C02D2C428B000087C8 /* ProductEditEntity.swift */; };
		D87AB1662D1722CB00A6F18D /* ProductsListView.swift in Sources */ = {isa = PBXBuildFile; fileRef = D87AB1642D1722CB00A6F18D /* ProductsListView.swift */; };
		D87AB1672D1722CB00A6F18D /* ProductsListView.xib in Resources */ = {isa = PBXBuildFile; fileRef = D87AB1652D1722CB00A6F18D /* ProductsListView.xib */; };
		D87AB16C2D1731C700A6F18D /* ProductCell.swift in Sources */ = {isa = PBXBuildFile; fileRef = D87AB16A2D1731C700A6F18D /* ProductCell.swift */; };
		D87AB16D2D1731C700A6F18D /* ProductCell.xib in Resources */ = {isa = PBXBuildFile; fileRef = D87AB16B2D1731C700A6F18D /* ProductCell.xib */; };
		D87D25F32D272EDA00FE728A /* SkeletonView in Frameworks */ = {isa = PBXBuildFile; productRef = D87D25F22D272EDA00FE728A /* SkeletonView */; };
		D87D25F82D27463000FE728A /* ProductEditView.swift in Sources */ = {isa = PBXBuildFile; fileRef = D87D25F62D27463000FE728A /* ProductEditView.swift */; };
		D87D25F92D27463000FE728A /* ProductEditView.xib in Resources */ = {isa = PBXBuildFile; fileRef = D87D25F72D27463000FE728A /* ProductEditView.xib */; };
		D8809FF02D2DB90F009BA1C7 /* NewProductView.swift in Sources */ = {isa = PBXBuildFile; fileRef = D8809FEE2D2DB90F009BA1C7 /* NewProductView.swift */; };
		D8809FF12D2DB90F009BA1C7 /* NewProductView.xib in Resources */ = {isa = PBXBuildFile; fileRef = D8809FEF2D2DB90F009BA1C7 /* NewProductView.xib */; };
		D8809FF32D2DB923009BA1C7 /* NewProductInteractor.swift in Sources */ = {isa = PBXBuildFile; fileRef = D8809FF22D2DB923009BA1C7 /* NewProductInteractor.swift */; };
		D8809FF52D2DB932009BA1C7 /* NewProductPresenter.swift in Sources */ = {isa = PBXBuildFile; fileRef = D8809FF42D2DB932009BA1C7 /* NewProductPresenter.swift */; };
		D8809FF72D2DB943009BA1C7 /* NewProductRouter.swift in Sources */ = {isa = PBXBuildFile; fileRef = D8809FF62D2DB943009BA1C7 /* NewProductRouter.swift */; };
		D893BBEE2D161D5300D7F827 /* AppDelegate.swift in Sources */ = {isa = PBXBuildFile; fileRef = D893BBED2D161D5300D7F827 /* AppDelegate.swift */; };
		D893BBF02D161D5300D7F827 /* SceneDelegate.swift in Sources */ = {isa = PBXBuildFile; fileRef = D893BBEF2D161D5300D7F827 /* SceneDelegate.swift */; };
		D893BBF72D161D5400D7F827 /* Assets.xcassets in Resources */ = {isa = PBXBuildFile; fileRef = D893BBF62D161D5400D7F827 /* Assets.xcassets */; };
		D893BBFA2D161D5400D7F827 /* LaunchScreen.storyboard in Resources */ = {isa = PBXBuildFile; fileRef = D893BBF82D161D5400D7F827 /* LaunchScreen.storyboard */; };
		D893BC072D16228200D7F827 /* ProductsListPresenter.swift in Sources */ = {isa = PBXBuildFile; fileRef = D893BC062D16228200D7F827 /* ProductsListPresenter.swift */; };
		D893BC092D16229500D7F827 /* ProductsListInteractor.swift in Sources */ = {isa = PBXBuildFile; fileRef = D893BC082D16229500D7F827 /* ProductsListInteractor.swift */; };
		D893BC0B2D1622B300D7F827 /* ProductsListRouter.swift in Sources */ = {isa = PBXBuildFile; fileRef = D893BC0A2D1622B300D7F827 /* ProductsListRouter.swift */; };
		D893BC0E2D16247100D7F827 /* ProductEntity.swift in Sources */ = {isa = PBXBuildFile; fileRef = D893BC0D2D16247100D7F827 /* ProductEntity.swift */; };
		D893BC142D1628F400D7F827 /* RequestModel.swift in Sources */ = {isa = PBXBuildFile; fileRef = D893BC132D1628F400D7F827 /* RequestModel.swift */; };
/* End PBXBuildFile section */

/* Begin PBXFileReference section */
		11A7A7B3E3B49A8B3D0FFAF8 /* Pods_ProductListViper.framework */ = {isa = PBXFileReference; explicitFileType = wrapper.framework; includeInIndex = 0; path = Pods_ProductListViper.framework; sourceTree = BUILT_PRODUCTS_DIR; };
		131BD98663AEEF569B9BD3A7 /* Pods-ProductListViper.release.xcconfig */ = {isa = PBXFileReference; includeInIndex = 1; lastKnownFileType = text.xcconfig; name = "Pods-ProductListViper.release.xcconfig"; path = "Target Support Files/Pods-ProductListViper/Pods-ProductListViper.release.xcconfig"; sourceTree = "<group>"; };
		25F923A92BB045E545C49BDE /* Pods-ProductListViper.debug.xcconfig */ = {isa = PBXFileReference; includeInIndex = 1; lastKnownFileType = text.xcconfig; name = "Pods-ProductListViper.debug.xcconfig"; path = "Target Support Files/Pods-ProductListViper/Pods-ProductListViper.debug.xcconfig"; sourceTree = "<group>"; };
		D847E2BD2D2DED860065C419 /* NewProductEntity.swift */ = {isa = PBXFileReference; lastKnownFileType = sourcecode.swift; path = NewProductEntity.swift; sourceTree = "<group>"; };
		D84DCD5A2D1B0D0100906852 /* ProductDetailEntity.swift */ = {isa = PBXFileReference; lastKnownFileType = sourcecode.swift; path = ProductDetailEntity.swift; sourceTree = "<group>"; };
		D84DCD5F2D1B34A300906852 /* ProductDetailView.swift */ = {isa = PBXFileReference; lastKnownFileType = sourcecode.swift; path = ProductDetailView.swift; sourceTree = "<group>"; };
		D84DCD602D1B34A300906852 /* ProductDetailView.xib */ = {isa = PBXFileReference; lastKnownFileType = file.xib; path = ProductDetailView.xib; sourceTree = "<group>"; };
		D85F65882D1A57EB00193A1F /* ProductViewModel.swift */ = {isa = PBXFileReference; lastKnownFileType = sourcecode.swift; path = ProductViewModel.swift; sourceTree = "<group>"; };
		D85F658C2D1A6B7E00193A1F /* ProductDetailInteractor.swift */ = {isa = PBXFileReference; lastKnownFileType = sourcecode.swift; path = ProductDetailInteractor.swift; sourceTree = "<group>"; };
		D85F658E2D1A6B8E00193A1F /* ProductDetailPresenter.swift */ = {isa = PBXFileReference; lastKnownFileType = sourcecode.swift; path = ProductDetailPresenter.swift; sourceTree = "<group>"; };
		D85F65902D1A6BA400193A1F /* ProductDetailRouter.swift */ = {isa = PBXFileReference; lastKnownFileType = sourcecode.swift; path = ProductDetailRouter.swift; sourceTree = "<group>"; };
		D875F1B92D2C30B9000087C8 /* ProductEditInteractor.swift */ = {isa = PBXFileReference; lastKnownFileType = sourcecode.swift; path = ProductEditInteractor.swift; sourceTree = "<group>"; };
		D875F1BB2D2C30E0000087C8 /* ProductEditPresenter.swift */ = {isa = PBXFileReference; lastKnownFileType = sourcecode.swift; path = ProductEditPresenter.swift; sourceTree = "<group>"; };
		D875F1BD2D2C30F4000087C8 /* ProductEditRouter.swift */ = {isa = PBXFileReference; lastKnownFileType = sourcecode.swift; path = ProductEditRouter.swift; sourceTree = "<group>"; };
		D875F1C02D2C428B000087C8 /* ProductEditEntity.swift */ = {isa = PBXFileReference; lastKnownFileType = sourcecode.swift; path = ProductEditEntity.swift; sourceTree = "<group>"; };
		D87AB1642D1722CB00A6F18D /* ProductsListView.swift */ = {isa = PBXFileReference; lastKnownFileType = sourcecode.swift; path = ProductsListView.swift; sourceTree = "<group>"; };
		D87AB1652D1722CB00A6F18D /* ProductsListView.xib */ = {isa = PBXFileReference; lastKnownFileType = file.xib; path = ProductsListView.xib; sourceTree = "<group>"; };
		D87AB16A2D1731C700A6F18D /* ProductCell.swift */ = {isa = PBXFileReference; lastKnownFileType = sourcecode.swift; path = ProductCell.swift; sourceTree = "<group>"; };
		D87AB16B2D1731C700A6F18D /* ProductCell.xib */ = {isa = PBXFileReference; lastKnownFileType = file.xib; path = ProductCell.xib; sourceTree = "<group>"; };
		D87D25F62D27463000FE728A /* ProductEditView.swift */ = {isa = PBXFileReference; lastKnownFileType = sourcecode.swift; path = ProductEditView.swift; sourceTree = "<group>"; };
		D87D25F72D27463000FE728A /* ProductEditView.xib */ = {isa = PBXFileReference; lastKnownFileType = file.xib; path = ProductEditView.xib; sourceTree = "<group>"; };
		D8809FEE2D2DB90F009BA1C7 /* NewProductView.swift */ = {isa = PBXFileReference; lastKnownFileType = sourcecode.swift; path = NewProductView.swift; sourceTree = "<group>"; };
		D8809FEF2D2DB90F009BA1C7 /* NewProductView.xib */ = {isa = PBXFileReference; lastKnownFileType = file.xib; path = NewProductView.xib; sourceTree = "<group>"; };
		D8809FF22D2DB923009BA1C7 /* NewProductInteractor.swift */ = {isa = PBXFileReference; lastKnownFileType = sourcecode.swift; path = NewProductInteractor.swift; sourceTree = "<group>"; };
		D8809FF42D2DB932009BA1C7 /* NewProductPresenter.swift */ = {isa = PBXFileReference; lastKnownFileType = sourcecode.swift; path = NewProductPresenter.swift; sourceTree = "<group>"; };
		D8809FF62D2DB943009BA1C7 /* NewProductRouter.swift */ = {isa = PBXFileReference; lastKnownFileType = sourcecode.swift; path = NewProductRouter.swift; sourceTree = "<group>"; };
		D893BBEA2D161D5300D7F827 /* ProductListViper.app */ = {isa = PBXFileReference; explicitFileType = wrapper.application; includeInIndex = 0; path = ProductListViper.app; sourceTree = BUILT_PRODUCTS_DIR; };
		D893BBED2D161D5300D7F827 /* AppDelegate.swift */ = {isa = PBXFileReference; lastKnownFileType = sourcecode.swift; path = AppDelegate.swift; sourceTree = "<group>"; };
		D893BBEF2D161D5300D7F827 /* SceneDelegate.swift */ = {isa = PBXFileReference; lastKnownFileType = sourcecode.swift; path = SceneDelegate.swift; sourceTree = "<group>"; };
		D893BBF62D161D5400D7F827 /* Assets.xcassets */ = {isa = PBXFileReference; lastKnownFileType = folder.assetcatalog; path = Assets.xcassets; sourceTree = "<group>"; };
		D893BBF92D161D5400D7F827 /* Base */ = {isa = PBXFileReference; lastKnownFileType = file.storyboard; name = Base; path = Base.lproj/LaunchScreen.storyboard; sourceTree = "<group>"; };
		D893BBFB2D161D5400D7F827 /* Info.plist */ = {isa = PBXFileReference; lastKnownFileType = text.plist.xml; path = Info.plist; sourceTree = "<group>"; };
		D893BC062D16228200D7F827 /* ProductsListPresenter.swift */ = {isa = PBXFileReference; lastKnownFileType = sourcecode.swift; path = ProductsListPresenter.swift; sourceTree = "<group>"; };
		D893BC082D16229500D7F827 /* ProductsListInteractor.swift */ = {isa = PBXFileReference; lastKnownFileType = sourcecode.swift; path = ProductsListInteractor.swift; sourceTree = "<group>"; };
		D893BC0A2D1622B300D7F827 /* ProductsListRouter.swift */ = {isa = PBXFileReference; lastKnownFileType = sourcecode.swift; path = ProductsListRouter.swift; sourceTree = "<group>"; };
		D893BC0D2D16247100D7F827 /* ProductEntity.swift */ = {isa = PBXFileReference; lastKnownFileType = sourcecode.swift; path = ProductEntity.swift; sourceTree = "<group>"; };
		D893BC132D1628F400D7F827 /* RequestModel.swift */ = {isa = PBXFileReference; lastKnownFileType = sourcecode.swift; path = RequestModel.swift; sourceTree = "<group>"; };
/* End PBXFileReference section */

/* Begin PBXFrameworksBuildPhase section */
		D893BBE72D161D5300D7F827 /* Frameworks */ = {
			isa = PBXFrameworksBuildPhase;
			buildActionMask = 2147483647;
			files = (
				D87D25F32D272EDA00FE728A /* SkeletonView in Frameworks */,
				5986DCF0F3C97EB0C15033F7 /* Pods_ProductListViper.framework in Frameworks */,
			);
			runOnlyForDeploymentPostprocessing = 0;
		};
/* End PBXFrameworksBuildPhase section */

/* Begin PBXGroup section */
		61F642D2D06966F7306CA9D8 /* Frameworks */ = {
			isa = PBXGroup;
			children = (
				11A7A7B3E3B49A8B3D0FFAF8 /* Pods_ProductListViper.framework */,
			);
			name = Frameworks;
			sourceTree = "<group>";
		};
		C2D8131BCB1697BDA0DCCF7D /* Pods */ = {
			isa = PBXGroup;
			children = (
				25F923A92BB045E545C49BDE /* Pods-ProductListViper.debug.xcconfig */,
				131BD98663AEEF569B9BD3A7 /* Pods-ProductListViper.release.xcconfig */,
			);
			path = Pods;
			sourceTree = "<group>";
		};
		D85F65872D1A57B400193A1F /* ViewModel */ = {
			isa = PBXGroup;
			children = (
				D85F65882D1A57EB00193A1F /* ProductViewModel.swift */,
			);
			path = ViewModel;
			sourceTree = "<group>";
		};
		D85F658A2D1A6AED00193A1F /* ProductDetail */ = {
			isa = PBXGroup;
			children = (
				D85F658B2D1A6B2100193A1F /* View */,
				D85F658C2D1A6B7E00193A1F /* ProductDetailInteractor.swift */,
				D85F658E2D1A6B8E00193A1F /* ProductDetailPresenter.swift */,
				D85F65922D1A6BB400193A1F /* Entities */,
				D85F65902D1A6BA400193A1F /* ProductDetailRouter.swift */,
			);
			path = ProductDetail;
			sourceTree = "<group>";
		};
		D85F658B2D1A6B2100193A1F /* View */ = {
			isa = PBXGroup;
			children = (
				D84DCD5F2D1B34A300906852 /* ProductDetailView.swift */,
				D84DCD602D1B34A300906852 /* ProductDetailView.xib */,
			);
			path = View;
			sourceTree = "<group>";
		};
		D85F65922D1A6BB400193A1F /* Entities */ = {
			isa = PBXGroup;
			children = (
				D84DCD5A2D1B0D0100906852 /* ProductDetailEntity.swift */,
			);
			path = Entities;
			sourceTree = "<group>";
		};
		D875F1BF2D2C3121000087C8 /* Entities */ = {
			isa = PBXGroup;
			children = (
				D875F1C02D2C428B000087C8 /* ProductEditEntity.swift */,
			);
			path = Entities;
			sourceTree = "<group>";
		};
		D87AB1682D17314F00A6F18D /* View */ = {
			isa = PBXGroup;
			children = (
				D87AB1692D17316C00A6F18D /* Cell */,
				D87AB1642D1722CB00A6F18D /* ProductsListView.swift */,
				D87AB1652D1722CB00A6F18D /* ProductsListView.xib */,
				D85F65872D1A57B400193A1F /* ViewModel */,
			);
			path = View;
			sourceTree = "<group>";
		};
		D87AB1692D17316C00A6F18D /* Cell */ = {
			isa = PBXGroup;
			children = (
				D87AB16A2D1731C700A6F18D /* ProductCell.swift */,
				D87AB16B2D1731C700A6F18D /* ProductCell.xib */,
			);
			path = Cell;
			sourceTree = "<group>";
		};
		D87D25F42D27454000FE728A /* ProductEdit */ = {
			isa = PBXGroup;
			children = (
				D87D25F52D27457E00FE728A /* View */,
				D875F1B92D2C30B9000087C8 /* ProductEditInteractor.swift */,
				D875F1BB2D2C30E0000087C8 /* ProductEditPresenter.swift */,
				D875F1BF2D2C3121000087C8 /* Entities */,
				D875F1BD2D2C30F4000087C8 /* ProductEditRouter.swift */,
			);
			path = ProductEdit;
			sourceTree = "<group>";
		};
		D87D25F52D27457E00FE728A /* View */ = {
			isa = PBXGroup;
			children = (
				D87D25F62D27463000FE728A /* ProductEditView.swift */,
				D87D25F72D27463000FE728A /* ProductEditView.xib */,
			);
			path = View;
			sourceTree = "<group>";
		};
		D8809FEC2D2DB8BB009BA1C7 /* NewProduct */ = {
			isa = PBXGroup;
			children = (
				D8809FED2D2DB8DB009BA1C7 /* View */,
				D8809FF22D2DB923009BA1C7 /* NewProductInteractor.swift */,
				D8809FF42D2DB932009BA1C7 /* NewProductPresenter.swift */,
				D8809FF82D2DB954009BA1C7 /* Entities */,
				D8809FF62D2DB943009BA1C7 /* NewProductRouter.swift */,
			);
			path = NewProduct;
			sourceTree = "<group>";
		};
		D8809FED2D2DB8DB009BA1C7 /* View */ = {
			isa = PBXGroup;
			children = (
				D8809FEE2D2DB90F009BA1C7 /* NewProductView.swift */,
				D8809FEF2D2DB90F009BA1C7 /* NewProductView.xib */,
			);
			path = View;
			sourceTree = "<group>";
		};
		D8809FF82D2DB954009BA1C7 /* Entities */ = {
			isa = PBXGroup;
			children = (
				D847E2BD2D2DED860065C419 /* NewProductEntity.swift */,
			);
			path = Entities;
			sourceTree = "<group>";
		};
		D893BBE12D161D5300D7F827 = {
			isa = PBXGroup;
			children = (
				D893BBEC2D161D5300D7F827 /* ProductListViper */,
				D893BBEB2D161D5300D7F827 /* Products */,
				C2D8131BCB1697BDA0DCCF7D /* Pods */,
				61F642D2D06966F7306CA9D8 /* Frameworks */,
			);
			sourceTree = "<group>";
		};
		D893BBEB2D161D5300D7F827 /* Products */ = {
			isa = PBXGroup;
			children = (
				D893BBEA2D161D5300D7F827 /* ProductListViper.app */,
			);
			name = Products;
			sourceTree = "<group>";
		};
		D893BBEC2D161D5300D7F827 /* ProductListViper */ = {
			isa = PBXGroup;
			children = (
				D893BC152D162F4400D7F827 /* Utils */,
				D893BC122D16289D00D7F827 /* ServiceLayer */,
				D87D25F42D27454000FE728A /* ProductEdit */,
				D8809FEC2D2DB8BB009BA1C7 /* NewProduct */,
				D85F658A2D1A6AED00193A1F /* ProductDetail */,
				D893BC012D161F2100D7F827 /* ProductsList */,
				D893BBED2D161D5300D7F827 /* AppDelegate.swift */,
				D893BBEF2D161D5300D7F827 /* SceneDelegate.swift */,
				D893BBF62D161D5400D7F827 /* Assets.xcassets */,
				D893BBF82D161D5400D7F827 /* LaunchScreen.storyboard */,
				D893BBFB2D161D5400D7F827 /* Info.plist */,
			);
			path = ProductListViper;
			sourceTree = "<group>";
		};
		D893BC012D161F2100D7F827 /* ProductsList */ = {
			isa = PBXGroup;
			children = (
				D87AB1682D17314F00A6F18D /* View */,
				D893BC082D16229500D7F827 /* ProductsListInteractor.swift */,
				D893BC062D16228200D7F827 /* ProductsListPresenter.swift */,
				D893BC0C2D1622C800D7F827 /* Entities */,
				D893BC0A2D1622B300D7F827 /* ProductsListRouter.swift */,
			);
			path = ProductsList;
			sourceTree = "<group>";
		};
		D893BC0C2D1622C800D7F827 /* Entities */ = {
			isa = PBXGroup;
			children = (
				D893BC0D2D16247100D7F827 /* ProductEntity.swift */,
			);
			path = Entities;
			sourceTree = "<group>";
		};
		D893BC122D16289D00D7F827 /* ServiceLayer */ = {
			isa = PBXGroup;
			children = (
				D893BC132D1628F400D7F827 /* RequestModel.swift */,
			);
			path = ServiceLayer;
			sourceTree = "<group>";
		};
		D893BC152D162F4400D7F827 /* Utils */ = {
			isa = PBXGroup;
			children = (
			);
			path = Utils;
			sourceTree = "<group>";
		};
/* End PBXGroup section */

/* Begin PBXNativeTarget section */
		D893BBE92D161D5300D7F827 /* ProductListViper */ = {
			isa = PBXNativeTarget;
			buildConfigurationList = D893BBFE2D161D5400D7F827 /* Build configuration list for PBXNativeTarget "ProductListViper" */;
			buildPhases = (
				CACC19D2CA7E294BEC2FAD90 /* [CP] Check Pods Manifest.lock */,
				D893BBE62D161D5300D7F827 /* Sources */,
				D893BBE72D161D5300D7F827 /* Frameworks */,
				D893BBE82D161D5300D7F827 /* Resources */,
				5F9E19B932D266928DC31999 /* [CP] Embed Pods Frameworks */,
			);
			buildRules = (
			);
			dependencies = (
			);
			name = ProductListViper;
			packageProductDependencies = (
				D87D25F22D272EDA00FE728A /* SkeletonView */,
			);
			productName = ProductListViper;
			productReference = D893BBEA2D161D5300D7F827 /* ProductListViper.app */;
			productType = "com.apple.product-type.application";
		};
/* End PBXNativeTarget section */

/* Begin PBXProject section */
		D893BBE22D161D5300D7F827 /* Project object */ = {
			isa = PBXProject;
			attributes = {
				BuildIndependentTargetsInParallel = 1;
				LastSwiftUpdateCheck = 1410;
				LastUpgradeCheck = 1410;
				TargetAttributes = {
					D893BBE92D161D5300D7F827 = {
						CreatedOnToolsVersion = 14.1;
					};
				};
			};
			buildConfigurationList = D893BBE52D161D5300D7F827 /* Build configuration list for PBXProject "ProductListViper" */;
			compatibilityVersion = "Xcode 14.0";
			developmentRegion = en;
			hasScannedForEncodings = 0;
			knownRegions = (
				en,
				Base,
			);
			mainGroup = D893BBE12D161D5300D7F827;
			packageReferences = (
				D87D25F12D272ED900FE728A /* XCRemoteSwiftPackageReference "SkeletonView" */,
			);
			productRefGroup = D893BBEB2D161D5300D7F827 /* Products */;
			projectDirPath = "";
			projectRoot = "";
			targets = (
				D893BBE92D161D5300D7F827 /* ProductListViper */,
			);
		};
/* End PBXProject section */

/* Begin PBXResourcesBuildPhase section */
		D893BBE82D161D5300D7F827 /* Resources */ = {
			isa = PBXResourcesBuildPhase;
			buildActionMask = 2147483647;
			files = (
				D87AB1672D1722CB00A6F18D /* ProductsListView.xib in Resources */,
				D84DCD622D1B34A300906852 /* ProductDetailView.xib in Resources */,
				D87AB16D2D1731C700A6F18D /* ProductCell.xib in Resources */,
				D8809FF12D2DB90F009BA1C7 /* NewProductView.xib in Resources */,
				D893BBFA2D161D5400D7F827 /* LaunchScreen.storyboard in Resources */,
				D87D25F92D27463000FE728A /* ProductEditView.xib in Resources */,
				D893BBF72D161D5400D7F827 /* Assets.xcassets in Resources */,
			);
			runOnlyForDeploymentPostprocessing = 0;
		};
/* End PBXResourcesBuildPhase section */

/* Begin PBXShellScriptBuildPhase section */
		5F9E19B932D266928DC31999 /* [CP] Embed Pods Frameworks */ = {
			isa = PBXShellScriptBuildPhase;
			buildActionMask = 2147483647;
			files = (
			);
			inputFileListPaths = (
				"${PODS_ROOT}/Target Support Files/Pods-ProductListViper/Pods-ProductListViper-frameworks-${CONFIGURATION}-input-files.xcfilelist",
			);
			name = "[CP] Embed Pods Frameworks";
			outputFileListPaths = (
				"${PODS_ROOT}/Target Support Files/Pods-ProductListViper/Pods-ProductListViper-frameworks-${CONFIGURATION}-output-files.xcfilelist",
			);
			runOnlyForDeploymentPostprocessing = 0;
			shellPath = /bin/sh;
			shellScript = "\"${PODS_ROOT}/Target Support Files/Pods-ProductListViper/Pods-ProductListViper-frameworks.sh\"\n";
			showEnvVarsInLog = 0;
		};
		CACC19D2CA7E294BEC2FAD90 /* [CP] Check Pods Manifest.lock */ = {
			isa = PBXShellScriptBuildPhase;
			buildActionMask = 2147483647;
			files = (
			);
			inputFileListPaths = (
			);
			inputPaths = (
				"${PODS_PODFILE_DIR_PATH}/Podfile.lock",
				"${PODS_ROOT}/Manifest.lock",
			);
			name = "[CP] Check Pods Manifest.lock";
			outputFileListPaths = (
			);
			outputPaths = (
				"$(DERIVED_FILE_DIR)/Pods-ProductListViper-checkManifestLockResult.txt",
			);
			runOnlyForDeploymentPostprocessing = 0;
			shellPath = /bin/sh;
			shellScript = "diff \"${PODS_PODFILE_DIR_PATH}/Podfile.lock\" \"${PODS_ROOT}/Manifest.lock\" > /dev/null\nif [ $? != 0 ] ; then\n    # print error to STDERR\n    echo \"error: The sandbox is not in sync with the Podfile.lock. Run 'pod install' or update your CocoaPods installation.\" >&2\n    exit 1\nfi\n# This output is used by Xcode 'outputs' to avoid re-running this script phase.\necho \"SUCCESS\" > \"${SCRIPT_OUTPUT_FILE_0}\"\n";
			showEnvVarsInLog = 0;
		};
/* End PBXShellScriptBuildPhase section */

/* Begin PBXSourcesBuildPhase section */
		D893BBE62D161D5300D7F827 /* Sources */ = {
			isa = PBXSourcesBuildPhase;
			buildActionMask = 2147483647;
			files = (
				D893BC0B2D1622B300D7F827 /* ProductsListRouter.swift in Sources */,
				D87AB1662D1722CB00A6F18D /* ProductsListView.swift in Sources */,
				D87D25F82D27463000FE728A /* ProductEditView.swift in Sources */,
				D893BC072D16228200D7F827 /* ProductsListPresenter.swift in Sources */,
				D893BC142D1628F400D7F827 /* RequestModel.swift in Sources */,
				D84DCD5B2D1B0D0100906852 /* ProductDetailEntity.swift in Sources */,
				D893BC0E2D16247100D7F827 /* ProductEntity.swift in Sources */,
				D8809FF32D2DB923009BA1C7 /* NewProductInteractor.swift in Sources */,
				D85F65892D1A57EB00193A1F /* ProductViewModel.swift in Sources */,
				D85F65912D1A6BA400193A1F /* ProductDetailRouter.swift in Sources */,
				D875F1BE2D2C30F4000087C8 /* ProductEditRouter.swift in Sources */,
				D893BBEE2D161D5300D7F827 /* AppDelegate.swift in Sources */,
				D85F658F2D1A6B8E00193A1F /* ProductDetailPresenter.swift in Sources */,
				D8809FF72D2DB943009BA1C7 /* NewProductRouter.swift in Sources */,
				D875F1BA2D2C30B9000087C8 /* ProductEditInteractor.swift in Sources */,
				D875F1BC2D2C30E0000087C8 /* ProductEditPresenter.swift in Sources */,
				D8809FF02D2DB90F009BA1C7 /* NewProductView.swift in Sources */,
				D85F658D2D1A6B7E00193A1F /* ProductDetailInteractor.swift in Sources */,
				D847E2BE2D2DED860065C419 /* NewProductEntity.swift in Sources */,
				D84DCD612D1B34A300906852 /* ProductDetailView.swift in Sources */,
				D87AB16C2D1731C700A6F18D /* ProductCell.swift in Sources */,
				D893BC092D16229500D7F827 /* ProductsListInteractor.swift in Sources */,
				D875F1C12D2C428B000087C8 /* ProductEditEntity.swift in Sources */,
				D893BBF02D161D5300D7F827 /* SceneDelegate.swift in Sources */,
				D8809FF52D2DB932009BA1C7 /* NewProductPresenter.swift in Sources */,
			);
			runOnlyForDeploymentPostprocessing = 0;
		};
/* End PBXSourcesBuildPhase section */

/* Begin PBXVariantGroup section */
		D893BBF82D161D5400D7F827 /* LaunchScreen.storyboard */ = {
			isa = PBXVariantGroup;
			children = (
				D893BBF92D161D5400D7F827 /* Base */,
			);
			name = LaunchScreen.storyboard;
			sourceTree = "<group>";
		};
/* End PBXVariantGroup section */

/* Begin XCBuildConfiguration section */
		D893BBFC2D161D5400D7F827 /* Debug */ = {
			isa = XCBuildConfiguration;
			buildSettings = {
				ALWAYS_SEARCH_USER_PATHS = NO;
				CLANG_ANALYZER_NONNULL = YES;
				CLANG_ANALYZER_NUMBER_OBJECT_CONVERSION = YES_AGGRESSIVE;
				CLANG_CXX_LANGUAGE_STANDARD = "gnu++20";
				CLANG_ENABLE_MODULES = YES;
				CLANG_ENABLE_OBJC_ARC = YES;
				CLANG_ENABLE_OBJC_WEAK = YES;
				CLANG_WARN_BLOCK_CAPTURE_AUTORELEASING = YES;
				CLANG_WARN_BOOL_CONVERSION = YES;
				CLANG_WARN_COMMA = YES;
				CLANG_WARN_CONSTANT_CONVERSION = YES;
				CLANG_WARN_DEPRECATED_OBJC_IMPLEMENTATIONS = YES;
				CLANG_WARN_DIRECT_OBJC_ISA_USAGE = YES_ERROR;
				CLANG_WARN_DOCUMENTATION_COMMENTS = YES;
				CLANG_WARN_EMPTY_BODY = YES;
				CLANG_WARN_ENUM_CONVERSION = YES;
				CLANG_WARN_INFINITE_RECURSION = YES;
				CLANG_WARN_INT_CONVERSION = YES;
				CLANG_WARN_NON_LITERAL_NULL_CONVERSION = YES;
				CLANG_WARN_OBJC_IMPLICIT_RETAIN_SELF = YES;
				CLANG_WARN_OBJC_LITERAL_CONVERSION = YES;
				CLANG_WARN_OBJC_ROOT_CLASS = YES_ERROR;
				CLANG_WARN_QUOTED_INCLUDE_IN_FRAMEWORK_HEADER = YES;
				CLANG_WARN_RANGE_LOOP_ANALYSIS = YES;
				CLANG_WARN_STRICT_PROTOTYPES = YES;
				CLANG_WARN_SUSPICIOUS_MOVE = YES;
				CLANG_WARN_UNGUARDED_AVAILABILITY = YES_AGGRESSIVE;
				CLANG_WARN_UNREACHABLE_CODE = YES;
				CLANG_WARN__DUPLICATE_METHOD_MATCH = YES;
				COPY_PHASE_STRIP = NO;
				DEBUG_INFORMATION_FORMAT = dwarf;
				ENABLE_STRICT_OBJC_MSGSEND = YES;
				ENABLE_TESTABILITY = YES;
				GCC_C_LANGUAGE_STANDARD = gnu11;
				GCC_DYNAMIC_NO_PIC = NO;
				GCC_NO_COMMON_BLOCKS = YES;
				GCC_OPTIMIZATION_LEVEL = 0;
				GCC_PREPROCESSOR_DEFINITIONS = (
					"DEBUG=1",
					"$(inherited)",
				);
				GCC_WARN_64_TO_32_BIT_CONVERSION = YES;
				GCC_WARN_ABOUT_RETURN_TYPE = YES_ERROR;
				GCC_WARN_UNDECLARED_SELECTOR = YES;
				GCC_WARN_UNINITIALIZED_AUTOS = YES_AGGRESSIVE;
				GCC_WARN_UNUSED_FUNCTION = YES;
				GCC_WARN_UNUSED_VARIABLE = YES;
				IPHONEOS_DEPLOYMENT_TARGET = 16.1;
				MTL_ENABLE_DEBUG_INFO = INCLUDE_SOURCE;
				MTL_FAST_MATH = YES;
				ONLY_ACTIVE_ARCH = YES;
				SDKROOT = iphoneos;
				SWIFT_ACTIVE_COMPILATION_CONDITIONS = DEBUG;
				SWIFT_OPTIMIZATION_LEVEL = "-Onone";
			};
			name = Debug;
		};
		D893BBFD2D161D5400D7F827 /* Release */ = {
			isa = XCBuildConfiguration;
			buildSettings = {
				ALWAYS_SEARCH_USER_PATHS = NO;
				CLANG_ANALYZER_NONNULL = YES;
				CLANG_ANALYZER_NUMBER_OBJECT_CONVERSION = YES_AGGRESSIVE;
				CLANG_CXX_LANGUAGE_STANDARD = "gnu++20";
				CLANG_ENABLE_MODULES = YES;
				CLANG_ENABLE_OBJC_ARC = YES;
				CLANG_ENABLE_OBJC_WEAK = YES;
				CLANG_WARN_BLOCK_CAPTURE_AUTORELEASING = YES;
				CLANG_WARN_BOOL_CONVERSION = YES;
				CLANG_WARN_COMMA = YES;
				CLANG_WARN_CONSTANT_CONVERSION = YES;
				CLANG_WARN_DEPRECATED_OBJC_IMPLEMENTATIONS = YES;
				CLANG_WARN_DIRECT_OBJC_ISA_USAGE = YES_ERROR;
				CLANG_WARN_DOCUMENTATION_COMMENTS = YES;
				CLANG_WARN_EMPTY_BODY = YES;
				CLANG_WARN_ENUM_CONVERSION = YES;
				CLANG_WARN_INFINITE_RECURSION = YES;
				CLANG_WARN_INT_CONVERSION = YES;
				CLANG_WARN_NON_LITERAL_NULL_CONVERSION = YES;
				CLANG_WARN_OBJC_IMPLICIT_RETAIN_SELF = YES;
				CLANG_WARN_OBJC_LITERAL_CONVERSION = YES;
				CLANG_WARN_OBJC_ROOT_CLASS = YES_ERROR;
				CLANG_WARN_QUOTED_INCLUDE_IN_FRAMEWORK_HEADER = YES;
				CLANG_WARN_RANGE_LOOP_ANALYSIS = YES;
				CLANG_WARN_STRICT_PROTOTYPES = YES;
				CLANG_WARN_SUSPICIOUS_MOVE = YES;
				CLANG_WARN_UNGUARDED_AVAILABILITY = YES_AGGRESSIVE;
				CLANG_WARN_UNREACHABLE_CODE = YES;
				CLANG_WARN__DUPLICATE_METHOD_MATCH = YES;
				COPY_PHASE_STRIP = NO;
				DEBUG_INFORMATION_FORMAT = "dwarf-with-dsym";
				ENABLE_NS_ASSERTIONS = NO;
				ENABLE_STRICT_OBJC_MSGSEND = YES;
				GCC_C_LANGUAGE_STANDARD = gnu11;
				GCC_NO_COMMON_BLOCKS = YES;
				GCC_WARN_64_TO_32_BIT_CONVERSION = YES;
				GCC_WARN_ABOUT_RETURN_TYPE = YES_ERROR;
				GCC_WARN_UNDECLARED_SELECTOR = YES;
				GCC_WARN_UNINITIALIZED_AUTOS = YES_AGGRESSIVE;
				GCC_WARN_UNUSED_FUNCTION = YES;
				GCC_WARN_UNUSED_VARIABLE = YES;
				IPHONEOS_DEPLOYMENT_TARGET = 16.1;
				MTL_ENABLE_DEBUG_INFO = NO;
				MTL_FAST_MATH = YES;
				SDKROOT = iphoneos;
				SWIFT_COMPILATION_MODE = wholemodule;
				SWIFT_OPTIMIZATION_LEVEL = "-O";
				VALIDATE_PRODUCT = YES;
			};
			name = Release;
		};
		D893BBFF2D161D5400D7F827 /* Debug */ = {
			isa = XCBuildConfiguration;
			baseConfigurationReference = 25F923A92BB045E545C49BDE /* Pods-ProductListViper.debug.xcconfig */;
			buildSettings = {
				ASSETCATALOG_COMPILER_APPICON_NAME = AppIcon;
				ASSETCATALOG_COMPILER_GLOBAL_ACCENT_COLOR_NAME = AccentColor;
				CODE_SIGN_STYLE = Automatic;
				CURRENT_PROJECT_VERSION = 1;
				DEVELOPMENT_TEAM = MPT44U32B4;
				GENERATE_INFOPLIST_FILE = YES;
				INFOPLIST_FILE = ProductListViper/Info.plist;
				INFOPLIST_KEY_UIApplicationSupportsIndirectInputEvents = YES;
				INFOPLIST_KEY_UILaunchStoryboardName = LaunchScreen;
				INFOPLIST_KEY_UISupportedInterfaceOrientations_iPad = "UIInterfaceOrientationPortrait UIInterfaceOrientationPortraitUpsideDown UIInterfaceOrientationLandscapeLeft UIInterfaceOrientationLandscapeRight";
				INFOPLIST_KEY_UISupportedInterfaceOrientations_iPhone = "UIInterfaceOrientationPortrait UIInterfaceOrientationLandscapeLeft UIInterfaceOrientationLandscapeRight";
				LD_RUNPATH_SEARCH_PATHS = (
					"$(inherited)",
					"@executable_path/Frameworks",
				);
				MARKETING_VERSION = 1.0;
				PRODUCT_BUNDLE_IDENTIFIER = com.octopus.ProductListViper;
				PRODUCT_NAME = "$(TARGET_NAME)";
				SWIFT_EMIT_LOC_STRINGS = YES;
				SWIFT_VERSION = 5.0;
				TARGETED_DEVICE_FAMILY = "1,2";
			};
			name = Debug;
		};
		D893BC002D161D5400D7F827 /* Release */ = {
			isa = XCBuildConfiguration;
			baseConfigurationReference = 131BD98663AEEF569B9BD3A7 /* Pods-ProductListViper.release.xcconfig */;
			buildSettings = {
				ASSETCATALOG_COMPILER_APPICON_NAME = AppIcon;
				ASSETCATALOG_COMPILER_GLOBAL_ACCENT_COLOR_NAME = AccentColor;
				CODE_SIGN_STYLE = Automatic;
				CURRENT_PROJECT_VERSION = 1;
				DEVELOPMENT_TEAM = MPT44U32B4;
				GENERATE_INFOPLIST_FILE = YES;
				INFOPLIST_FILE = ProductListViper/Info.plist;
				INFOPLIST_KEY_UIApplicationSupportsIndirectInputEvents = YES;
				INFOPLIST_KEY_UILaunchStoryboardName = LaunchScreen;
				INFOPLIST_KEY_UISupportedInterfaceOrientations_iPad = "UIInterfaceOrientationPortrait UIInterfaceOrientationPortraitUpsideDown UIInterfaceOrientationLandscapeLeft UIInterfaceOrientationLandscapeRight";
				INFOPLIST_KEY_UISupportedInterfaceOrientations_iPhone = "UIInterfaceOrientationPortrait UIInterfaceOrientationLandscapeLeft UIInterfaceOrientationLandscapeRight";
				LD_RUNPATH_SEARCH_PATHS = (
					"$(inherited)",
					"@executable_path/Frameworks",
				);
				MARKETING_VERSION = 1.0;
				PRODUCT_BUNDLE_IDENTIFIER = com.octopus.ProductListViper;
				PRODUCT_NAME = "$(TARGET_NAME)";
				SWIFT_EMIT_LOC_STRINGS = YES;
				SWIFT_VERSION = 5.0;
				TARGETED_DEVICE_FAMILY = "1,2";
			};
			name = Release;
		};
/* End XCBuildConfiguration section */

/* Begin XCConfigurationList section */
		D893BBE52D161D5300D7F827 /* Build configuration list for PBXProject "ProductListViper" */ = {
			isa = XCConfigurationList;
			buildConfigurations = (
				D893BBFC2D161D5400D7F827 /* Debug */,
				D893BBFD2D161D5400D7F827 /* Release */,
			);
			defaultConfigurationIsVisible = 0;
			defaultConfigurationName = Release;
		};
		D893BBFE2D161D5400D7F827 /* Build configuration list for PBXNativeTarget "ProductListViper" */ = {
			isa = XCConfigurationList;
			buildConfigurations = (
				D893BBFF2D161D5400D7F827 /* Debug */,
				D893BC002D161D5400D7F827 /* Release */,
			);
			defaultConfigurationIsVisible = 0;
			defaultConfigurationName = Release;
		};
/* End XCConfigurationList section */

/* Begin XCRemoteSwiftPackageReference section */
		D87D25F12D272ED900FE728A /* XCRemoteSwiftPackageReference "SkeletonView" */ = {
			isa = XCRemoteSwiftPackageReference;
			repositoryURL = "https://github.com/Juanpe/SkeletonView.git";
			requirement = {
				kind = upToNextMajorVersion;
				minimumVersion = 1.0.0;
			};
		};
/* End XCRemoteSwiftPackageReference section */

/* Begin XCSwiftPackageProductDependency section */
		D87D25F22D272EDA00FE728A /* SkeletonView */ = {
			isa = XCSwiftPackageProductDependency;
			package = D87D25F12D272ED900FE728A /* XCRemoteSwiftPackageReference "SkeletonView" */;
			productName = SkeletonView;
		};
/* End XCSwiftPackageProductDependency section */
	};
	rootObject = D893BBE22D161D5300D7F827 /* Project object */;
}
